// !$*UTF8*$!
{
	archiveVersion = 1;
	classes = {
	};
	objectVersion = 46;
	objects = {

/* Begin PBXBuildFile section */
		CB66B52C1D85755C00834DBF /* AppDelegate.swift in Sources */ = {isa = PBXBuildFile; fileRef = CB66B52B1D85755C00834DBF /* AppDelegate.swift */; };
		CB66B52E1D85755C00834DBF /* SigninVC.swift in Sources */ = {isa = PBXBuildFile; fileRef = CB66B52D1D85755C00834DBF /* SigninVC.swift */; };
		CB66B5311D85755C00834DBF /* Main.storyboard in Resources */ = {isa = PBXBuildFile; fileRef = CB66B52F1D85755C00834DBF /* Main.storyboard */; };
		CB66B5331D85755C00834DBF /* Assets.xcassets in Resources */ = {isa = PBXBuildFile; fileRef = CB66B5321D85755C00834DBF /* Assets.xcassets */; };
		CB66B5361D85755C00834DBF /* LaunchScreen.storyboard in Resources */ = {isa = PBXBuildFile; fileRef = CB66B5341D85755C00834DBF /* LaunchScreen.storyboard */; };
		CB66B53E1D85757F00834DBF /* GoogleService-Info.plist in Resources */ = {isa = PBXBuildFile; fileRef = CB66B53D1D85757F00834DBF /* GoogleService-Info.plist */; };
		CB66B5431D857B9600834DBF /* ViewShadow.swift in Sources */ = {isa = PBXBuildFile; fileRef = CB66B5421D857B9600834DBF /* ViewShadow.swift */; };
		CB66B5451D857C3F00834DBF /* RoundBtn.swift in Sources */ = {isa = PBXBuildFile; fileRef = CB66B5441D857C3F00834DBF /* RoundBtn.swift */; };
		CB66B5471D857D0700834DBF /* shadowBtn.swift in Sources */ = {isa = PBXBuildFile; fileRef = CB66B5461D857D0700834DBF /* shadowBtn.swift */; };
		CB66B5491D857D8400834DBF /* TextFieldOptimize.swift in Sources */ = {isa = PBXBuildFile; fileRef = CB66B5481D857D8400834DBF /* TextFieldOptimize.swift */; };
		EB08E68FFBD4B74DE0E9DE4D /* Pods_socialApp.framework in Frameworks */ = {isa = PBXBuildFile; fileRef = 6BCDCFC889C17715776F8907 /* Pods_socialApp.framework */; };
/* End PBXBuildFile section */

/* Begin PBXFileReference section */
		069E66EFE8BEC8C8D35E65AD /* Pods-socialApp.debug.xcconfig */ = {isa = PBXFileReference; includeInIndex = 1; lastKnownFileType = text.xcconfig; name = "Pods-socialApp.debug.xcconfig"; path = "Pods/Target Support Files/Pods-socialApp/Pods-socialApp.debug.xcconfig"; sourceTree = "<group>"; };
		6BCDCFC889C17715776F8907 /* Pods_socialApp.framework */ = {isa = PBXFileReference; explicitFileType = wrapper.framework; includeInIndex = 0; path = Pods_socialApp.framework; sourceTree = BUILT_PRODUCTS_DIR; };
		CB66B5281D85755C00834DBF /* socialApp.app */ = {isa = PBXFileReference; explicitFileType = wrapper.application; includeInIndex = 0; path = socialApp.app; sourceTree = BUILT_PRODUCTS_DIR; };
		CB66B52B1D85755C00834DBF /* AppDelegate.swift */ = {isa = PBXFileReference; lastKnownFileType = sourcecode.swift; path = AppDelegate.swift; sourceTree = "<group>"; };
		CB66B52D1D85755C00834DBF /* SigninVC.swift */ = {isa = PBXFileReference; lastKnownFileType = sourcecode.swift; path = SigninVC.swift; sourceTree = "<group>"; };
		CB66B5301D85755C00834DBF /* Base */ = {isa = PBXFileReference; lastKnownFileType = file.storyboard; name = Base; path = Base.lproj/Main.storyboard; sourceTree = "<group>"; };
		CB66B5321D85755C00834DBF /* Assets.xcassets */ = {isa = PBXFileReference; lastKnownFileType = folder.assetcatalog; path = Assets.xcassets; sourceTree = "<group>"; };
		CB66B5351D85755C00834DBF /* Base */ = {isa = PBXFileReference; lastKnownFileType = file.storyboard; name = Base; path = Base.lproj/LaunchScreen.storyboard; sourceTree = "<group>"; };
		CB66B5371D85755C00834DBF /* Info.plist */ = {isa = PBXFileReference; lastKnownFileType = text.plist.xml; path = Info.plist; sourceTree = "<group>"; };
		CB66B53D1D85757F00834DBF /* GoogleService-Info.plist */ = {isa = PBXFileReference; fileEncoding = 4; lastKnownFileType = text.plist.xml; path = "GoogleService-Info.plist"; sourceTree = "<group>"; };
		CB66B5421D857B9600834DBF /* ViewShadow.swift */ = {isa = PBXFileReference; fileEncoding = 4; lastKnownFileType = sourcecode.swift; path = ViewShadow.swift; sourceTree = "<group>"; };
		CB66B5441D857C3F00834DBF /* RoundBtn.swift */ = {isa = PBXFileReference; fileEncoding = 4; lastKnownFileType = sourcecode.swift; path = RoundBtn.swift; sourceTree = "<group>"; };
		CB66B5461D857D0700834DBF /* shadowBtn.swift */ = {isa = PBXFileReference; fileEncoding = 4; lastKnownFileType = sourcecode.swift; path = shadowBtn.swift; sourceTree = "<group>"; };
		CB66B5481D857D8400834DBF /* TextFieldOptimize.swift */ = {isa = PBXFileReference; fileEncoding = 4; lastKnownFileType = sourcecode.swift; path = TextFieldOptimize.swift; sourceTree = "<group>"; };
		CB66B54A1D859AFF00834DBF /* socialApp.entitlements */ = {isa = PBXFileReference; lastKnownFileType = text.plist.entitlements; path = socialApp.entitlements; sourceTree = "<group>"; };
		FF3DE7C6C606765A5C49C5A1 /* Pods-socialApp.release.xcconfig */ = {isa = PBXFileReference; includeInIndex = 1; lastKnownFileType = text.xcconfig; name = "Pods-socialApp.release.xcconfig"; path = "Pods/Target Support Files/Pods-socialApp/Pods-socialApp.release.xcconfig"; sourceTree = "<group>"; };
/* End PBXFileReference section */

/* Begin PBXFrameworksBuildPhase section */
		CB66B5251D85755C00834DBF /* Frameworks */ = {
			isa = PBXFrameworksBuildPhase;
			buildActionMask = 2147483647;
			files = (
				EB08E68FFBD4B74DE0E9DE4D /* Pods_socialApp.framework in Frameworks */,
			);
			runOnlyForDeploymentPostprocessing = 0;
		};
/* End PBXFrameworksBuildPhase section */

/* Begin PBXGroup section */
		719A2369B8778BF52A435634 /* Pods */ = {
			isa = PBXGroup;
			children = (
				069E66EFE8BEC8C8D35E65AD /* Pods-socialApp.debug.xcconfig */,
				FF3DE7C6C606765A5C49C5A1 /* Pods-socialApp.release.xcconfig */,
			);
			name = Pods;
			sourceTree = "<group>";
		};
		83D8F312AF8757DB8E0BB50D /* Frameworks */ = {
			isa = PBXGroup;
			children = (
				6BCDCFC889C17715776F8907 /* Pods_socialApp.framework */,
			);
			name = Frameworks;
			sourceTree = "<group>";
		};
		CB66B51F1D85755C00834DBF = {
			isa = PBXGroup;
			children = (
				CB66B52A1D85755C00834DBF /* socialApp */,
				CB66B5291D85755C00834DBF /* Products */,
				719A2369B8778BF52A435634 /* Pods */,
				83D8F312AF8757DB8E0BB50D /* Frameworks */,
			);
			sourceTree = "<group>";
		};
		CB66B5291D85755C00834DBF /* Products */ = {
			isa = PBXGroup;
			children = (
				CB66B5281D85755C00834DBF /* socialApp.app */,
			);
			name = Products;
			sourceTree = "<group>";
		};
		CB66B52A1D85755C00834DBF /* socialApp */ = {
			isa = PBXGroup;
			children = (
				CB66B54A1D859AFF00834DBF /* socialApp.entitlements */,
				CB66B5411D857B4D00834DBF /* Controller */,
				CB66B5401D857B4600834DBF /* Model */,
				CB66B53F1D857B3D00834DBF /* View */,
				CB66B53D1D85757F00834DBF /* GoogleService-Info.plist */,
				CB66B52B1D85755C00834DBF /* AppDelegate.swift */,
				CB66B52F1D85755C00834DBF /* Main.storyboard */,
				CB66B5321D85755C00834DBF /* Assets.xcassets */,
				CB66B5341D85755C00834DBF /* LaunchScreen.storyboard */,
				CB66B5371D85755C00834DBF /* Info.plist */,
			);
			path = socialApp;
			sourceTree = "<group>";
		};
		CB66B53F1D857B3D00834DBF /* View */ = {
			isa = PBXGroup;
			children = (
				CB66B5421D857B9600834DBF /* ViewShadow.swift */,
				CB66B5441D857C3F00834DBF /* RoundBtn.swift */,
				CB66B5461D857D0700834DBF /* shadowBtn.swift */,
				CB66B5481D857D8400834DBF /* TextFieldOptimize.swift */,
			);
			name = View;
			sourceTree = "<group>";
		};
		CB66B5401D857B4600834DBF /* Model */ = {
			isa = PBXGroup;
			children = (
			);
			name = Model;
			sourceTree = "<group>";
		};
		CB66B5411D857B4D00834DBF /* Controller */ = {
			isa = PBXGroup;
			children = (
				CB66B52D1D85755C00834DBF /* SigninVC.swift */,
			);
			name = Controller;
			sourceTree = "<group>";
		};
/* End PBXGroup section */

/* Begin PBXNativeTarget section */
		CB66B5271D85755C00834DBF /* socialApp */ = {
			isa = PBXNativeTarget;
			buildConfigurationList = CB66B53A1D85755C00834DBF /* Build configuration list for PBXNativeTarget "socialApp" */;
			buildPhases = (
				9FF2BD445C9EB805E629F88D /* [CP] Check Pods Manifest.lock */,
				CB66B5241D85755C00834DBF /* Sources */,
				CB66B5251D85755C00834DBF /* Frameworks */,
				CB66B5261D85755C00834DBF /* Resources */,
				1B03A21F293E4FC80718CC17 /* [CP] Embed Pods Frameworks */,
				DDDE86F65E4DFD9EC0E8E420 /* [CP] Copy Pods Resources */,
			);
			buildRules = (
			);
			dependencies = (
			);
			name = socialApp;
			productName = socialApp;
			productReference = CB66B5281D85755C00834DBF /* socialApp.app */;
			productType = "com.apple.product-type.application";
		};
/* End PBXNativeTarget section */

/* Begin PBXProject section */
		CB66B5201D85755C00834DBF /* Project object */ = {
			isa = PBXProject;
			attributes = {
				LastSwiftUpdateCheck = 0800;
				LastUpgradeCheck = 0800;
				ORGANIZATIONNAME = "Farzad Taslimi";
				TargetAttributes = {
					CB66B5271D85755C00834DBF = {
						CreatedOnToolsVersion = 8.0;
						DevelopmentTeam = 5Y36AHZD94;
						ProvisioningStyle = Automatic;
						SystemCapabilities = {
							com.apple.Keychain = {
								enabled = 1;
							};
						};
					};
				};
			};
			buildConfigurationList = CB66B5231D85755C00834DBF /* Build configuration list for PBXProject "socialApp" */;
			compatibilityVersion = "Xcode 3.2";
			developmentRegion = English;
			hasScannedForEncodings = 0;
			knownRegions = (
				en,
				Base,
			);
			mainGroup = CB66B51F1D85755C00834DBF;
			productRefGroup = CB66B5291D85755C00834DBF /* Products */;
			projectDirPath = "";
			projectRoot = "";
			targets = (
				CB66B5271D85755C00834DBF /* socialApp */,
			);
		};
/* End PBXProject section */

/* Begin PBXResourcesBuildPhase section */
		CB66B5261D85755C00834DBF /* Resources */ = {
			isa = PBXResourcesBuildPhase;
			buildActionMask = 2147483647;
			files = (
				CB66B5361D85755C00834DBF /* LaunchScreen.storyboard in Resources */,
				CB66B5331D85755C00834DBF /* Assets.xcassets in Resources */,
				CB66B5311D85755C00834DBF /* Main.storyboard in Resources */,
				CB66B53E1D85757F00834DBF /* GoogleService-Info.plist in Resources */,
			);
			runOnlyForDeploymentPostprocessing = 0;
		};
/* End PBXResourcesBuildPhase section */

/* Begin PBXShellScriptBuildPhase section */
		1B03A21F293E4FC80718CC17 /* [CP] Embed Pods Frameworks */ = {
			isa = PBXShellScriptBuildPhase;
			buildActionMask = 2147483647;
			files = (
			);
			inputPaths = (
			);
			name = "[CP] Embed Pods Frameworks";
			outputPaths = (
			);
			runOnlyForDeploymentPostprocessing = 0;
			shellPath = /bin/sh;
			shellScript = "\"${SRCROOT}/Pods/Target Support Files/Pods-socialApp/Pods-socialApp-frameworks.sh\"\n";
			showEnvVarsInLog = 0;
		};
		9FF2BD445C9EB805E629F88D /* [CP] Check Pods Manifest.lock */ = {
			isa = PBXShellScriptBuildPhase;
			buildActionMask = 2147483647;
			files = (
			);
			inputPaths = (
			);
			name = "[CP] Check Pods Manifest.lock";
			outputPaths = (
			);
			runOnlyForDeploymentPostprocessing = 0;
			shellPath = /bin/sh;
			shellScript = "diff \"${PODS_ROOT}/../Podfile.lock\" \"${PODS_ROOT}/Manifest.lock\" > /dev/null\nif [ $? != 0 ] ; then\n    # print error to STDERR\n    echo \"error: The sandbox is not in sync with the Podfile.lock. Run 'pod install' or update your CocoaPods installation.\" >&2\n    exit 1\nfi\n";
			showEnvVarsInLog = 0;
		};
		DDDE86F65E4DFD9EC0E8E420 /* [CP] Copy Pods Resources */ = {
			isa = PBXShellScriptBuildPhase;
			buildActionMask = 2147483647;
			files = (
			);
			inputPaths = (
			);
			name = "[CP] Copy Pods Resources";
			outputPaths = (
			);
			runOnlyForDeploymentPostprocessing = 0;
			shellPath = /bin/sh;
			shellScript = "\"${SRCROOT}/Pods/Target Support Files/Pods-socialApp/Pods-socialApp-resources.sh\"\n";
			showEnvVarsInLog = 0;
		};
/* End PBXShellScriptBuildPhase section */

/* Begin PBXSourcesBuildPhase section */
		CB66B5241D85755C00834DBF /* Sources */ = {
			isa = PBXSourcesBuildPhase;
			buildActionMask = 2147483647;
			files = (
				CB66B52E1D85755C00834DBF /* SigninVC.swift in Sources */,
				CB66B5471D857D0700834DBF /* shadowBtn.swift in Sources */,
				CB66B5451D857C3F00834DBF /* RoundBtn.swift in Sources */,
				CB66B52C1D85755C00834DBF /* AppDelegate.swift in Sources */,
				CB66B5491D857D8400834DBF /* TextFieldOptimize.swift in Sources */,
				CB66B5431D857B9600834DBF /* ViewShadow.swift in Sources */,
			);
			runOnlyForDeploymentPostprocessing = 0;
		};
/* End PBXSourcesBuildPhase section */

/* Begin PBXVariantGroup section */
		CB66B52F1D85755C00834DBF /* Main.storyboard */ = {
			isa = PBXVariantGroup;
			children = (
				CB66B5301D85755C00834DBF /* Base */,
			);
			name = Main.storyboard;
			sourceTree = "<group>";
		};
		CB66B5341D85755C00834DBF /* LaunchScreen.storyboard */ = {
			isa = PBXVariantGroup;
			children = (
				CB66B5351D85755C00834DBF /* Base */,
			);
			name = LaunchScreen.storyboard;
			sourceTree = "<group>";
		};
/* End PBXVariantGroup section */

/* Begin XCBuildConfiguration section */
		CB66B5381D85755C00834DBF /* Debug */ = {
			isa = XCBuildConfiguration;
			buildSettings = {
				ALWAYS_SEARCH_USER_PATHS = NO;
				CLANG_ANALYZER_NONNULL = YES;
				CLANG_CXX_LANGUAGE_STANDARD = "gnu++0x";
				CLANG_CXX_LIBRARY = "libc++";
				CLANG_ENABLE_MODULES = YES;
				CLANG_ENABLE_OBJC_ARC = YES;
				CLANG_WARN_BOOL_CONVERSION = YES;
				CLANG_WARN_CONSTANT_CONVERSION = YES;
				CLANG_WARN_DIRECT_OBJC_ISA_USAGE = YES_ERROR;
				CLANG_WARN_DOCUMENTATION_COMMENTS = YES;
				CLANG_WARN_EMPTY_BODY = YES;
				CLANG_WARN_ENUM_CONVERSION = YES;
				CLANG_WARN_INFINITE_RECURSION = YES;
				CLANG_WARN_INT_CONVERSION = YES;
				CLANG_WARN_OBJC_ROOT_CLASS = YES_ERROR;
				CLANG_WARN_SUSPICIOUS_MOVES = YES;
				CLANG_WARN_UNREACHABLE_CODE = YES;
				CLANG_WARN__DUPLICATE_METHOD_MATCH = YES;
				"CODE_SIGN_IDENTITY[sdk=iphoneos*]" = "iPhone Developer";
				COPY_PHASE_STRIP = NO;
				DEBUG_INFORMATION_FORMAT = dwarf;
				ENABLE_STRICT_OBJC_MSGSEND = YES;
				ENABLE_TESTABILITY = YES;
				GCC_C_LANGUAGE_STANDARD = gnu99;
				GCC_DYNAMIC_NO_PIC = NO;
				GCC_NO_COMMON_BLOCKS = YES;
				GCC_OPTIMIZATION_LEVEL = 0;
				GCC_PREPROCESSOR_DEFINITIONS = (
					"DEBUG=1",
					"$(inherited)",
				);
				GCC_WARN_64_TO_32_BIT_CONVERSION = YES;
				GCC_WARN_ABOUT_RETURN_TYPE = YES_ERROR;
				GCC_WARN_UNDECLARED_SELECTOR = YES;
				GCC_WARN_UNINITIALIZED_AUTOS = YES_AGGRESSIVE;
				GCC_WARN_UNUSED_FUNCTION = YES;
				GCC_WARN_UNUSED_VARIABLE = YES;
				IPHONEOS_DEPLOYMENT_TARGET = 10.0;
				MTL_ENABLE_DEBUG_INFO = YES;
				ONLY_ACTIVE_ARCH = YES;
				SDKROOT = iphoneos;
				SWIFT_ACTIVE_COMPILATION_CONDITIONS = DEBUG;
				SWIFT_OPTIMIZATION_LEVEL = "-Onone";
				TARGETED_DEVICE_FAMILY = "1,2";
			};
			name = Debug;
		};
		CB66B5391D85755C00834DBF /* Release */ = {
			isa = XCBuildConfiguration;
			buildSettings = {
				ALWAYS_SEARCH_USER_PATHS = NO;
				CLANG_ANALYZER_NONNULL = YES;
				CLANG_CXX_LANGUAGE_STANDARD = "gnu++0x";
				CLANG_CXX_LIBRARY = "libc++";
				CLANG_ENABLE_MODULES = YES;
				CLANG_ENABLE_OBJC_ARC = YES;
				CLANG_WARN_BOOL_CONVERSION = YES;
				CLANG_WARN_CONSTANT_CONVERSION = YES;
				CLANG_WARN_DIRECT_OBJC_ISA_USAGE = YES_ERROR;
				CLANG_WARN_DOCUMENTATION_COMMENTS = YES;
				CLANG_WARN_EMPTY_BODY = YES;
				CLANG_WARN_ENUM_CONVERSION = YES;
				CLANG_WARN_INFINITE_RECURSION = YES;
				CLANG_WARN_INT_CONVERSION = YES;
				CLANG_WARN_OBJC_ROOT_CLASS = YES_ERROR;
				CLANG_WARN_SUSPICIOUS_MOVES = YES;
				CLANG_WARN_UNREACHABLE_CODE = YES;
				CLANG_WARN__DUPLICATE_METHOD_MATCH = YES;
				"CODE_SIGN_IDENTITY[sdk=iphoneos*]" = "iPhone Developer";
				COPY_PHASE_STRIP = NO;
				DEBUG_INFORMATION_FORMAT = "dwarf-with-dsym";
				ENABLE_NS_ASSERTIONS = NO;
				ENABLE_STRICT_OBJC_MSGSEND = YES;
				GCC_C_LANGUAGE_STANDARD = gnu99;
				GCC_NO_COMMON_BLOCKS = YES;
				GCC_WARN_64_TO_32_BIT_CONVERSION = YES;
				GCC_WARN_ABOUT_RETURN_TYPE = YES_ERROR;
				GCC_WARN_UNDECLARED_SELECTOR = YES;
				GCC_WARN_UNINITIALIZED_AUTOS = YES_AGGRESSIVE;
				GCC_WARN_UNUSED_FUNCTION = YES;
				GCC_WARN_UNUSED_VARIABLE = YES;
				IPHONEOS_DEPLOYMENT_TARGET = 10.0;
				MTL_ENABLE_DEBUG_INFO = NO;
				SDKROOT = iphoneos;
				SWIFT_OPTIMIZATION_LEVEL = "-Owholemodule";
				TARGETED_DEVICE_FAMILY = "1,2";
				VALIDATE_PRODUCT = YES;
			};
			name = Release;
		};
		CB66B53B1D85755C00834DBF /* Debug */ = {
			isa = XCBuildConfiguration;
			baseConfigurationReference = 069E66EFE8BEC8C8D35E65AD /* Pods-socialApp.debug.xcconfig */;
			buildSettings = {
				ASSETCATALOG_COMPILER_APPICON_NAME = AppIcon;
				CODE_SIGN_ENTITLEMENTS = socialApp/socialApp.entitlements;
				DEVELOPMENT_TEAM = 5Y36AHZD94;
				INFOPLIST_FILE = socialApp/Info.plist;
				IPHONEOS_DEPLOYMENT_TARGET = 9.3;
				LD_RUNPATH_SEARCH_PATHS = "$(inherited) @executable_path/Frameworks";
				PRODUCT_BUNDLE_IDENTIFIER = com.foggystudio.socialApp;
				PRODUCT_NAME = "$(TARGET_NAME)";
				SWIFT_VERSION = 3.0;
			};
			name = Debug;
		};
		CB66B53C1D85755C00834DBF /* Release */ = {
			isa = XCBuildConfiguration;
			baseConfigurationReference = FF3DE7C6C606765A5C49C5A1 /* Pods-socialApp.release.xcconfig */;
			buildSettings = {
				ASSETCATALOG_COMPILER_APPICON_NAME = AppIcon;
				CODE_SIGN_ENTITLEMENTS = socialApp/socialApp.entitlements;
				DEVELOPMENT_TEAM = 5Y36AHZD94;
				INFOPLIST_FILE = socialApp/Info.plist;
				IPHONEOS_DEPLOYMENT_TARGET = 9.3;
				LD_RUNPATH_SEARCH_PATHS = "$(inherited) @executable_path/Frameworks";
				PRODUCT_BUNDLE_IDENTIFIER = com.foggystudio.socialApp;
				PRODUCT_NAME = "$(TARGET_NAME)";
				SWIFT_VERSION = 3.0;
			};
			name = Release;
		};
/* End XCBuildConfiguration section */

/* Begin XCConfigurationList section */
		CB66B5231D85755C00834DBF /* Build configuration list for PBXProject "socialApp" */ = {
			isa = XCConfigurationList;
			buildConfigurations = (
				CB66B5381D85755C00834DBF /* Debug */,
				CB66B5391D85755C00834DBF /* Release */,
			);
			defaultConfigurationIsVisible = 0;
			defaultConfigurationName = Release;
		};
		CB66B53A1D85755C00834DBF /* Build configuration list for PBXNativeTarget "socialApp" */ = {
			isa = XCConfigurationList;
			buildConfigurations = (
				CB66B53B1D85755C00834DBF /* Debug */,
				CB66B53C1D85755C00834DBF /* Release */,
			);
			defaultConfigurationIsVisible = 0;
			defaultConfigurationName = Release;
		};
/* End XCConfigurationList section */
	};
	rootObject = CB66B5201D85755C00834DBF /* Project object */;
}
